
Microsoft Visual Studio Solution File, Format Version 12.00
# Visual Studio Version 16
VisualStudioVersion = 16.0.30002.166
MinimumVisualStudioVersion = 10.0.40219.1
Project("{FAE04EC0-301F-11D3-BF4B-00C04F79EFBC}") = "kmeans_algoritm", "kmeans_algoritm\kmeans_algoritm.csproj", "{171E3A23-F8ED-49C2-BB31-8F49FB7A3D7E}"
EndProject
Global
	GlobalSection(SolutionConfigurationPlatforms) = preSolution
		Debug|Any CPU = Debug|Any CPU
		Release|Any CPU = Release|Any CPU
	EndGlobalSection
	GlobalSection(ProjectConfigurationPlatforms) = postSolution
		{171E3A23-F8ED-49C2-BB31-8F49FB7A3D7E}.Debug|Any CPU.ActiveCfg = Debug|Any CPU
		{171E3A23-F8ED-49C2-BB31-8F49FB7A3D7E}.Debug|Any CPU.Build.0 = Debug|Any CPU
		{171E3A23-F8ED-49C2-BB31-8F49FB7A3D7E}.Release|Any CPU.ActiveCfg = Release|Any CPU
		{171E3A23-F8ED-49C2-BB31-8F49FB7A3D7E}.Release|Any CPU.Build.0 = Release|Any CPU
	EndGlobalSection
	GlobalSection(SolutionProperties) = preSolution
		HideSolutionNode = FALSE
	EndGlobalSection
	GlobalSection(ExtensibilityGlobals) = postSolution
		SolutionGuid = {9C8B2907-26F6-43D0-98B5-E6108F687963}
	EndGlobalSection
EndGlobal
